// !$*UTF8*$!
{
	archiveVersion = 1;
	classes = {
	};
	objectVersion = 46;
	objects = {

/* Begin PBXBuildFile section */
		F3C2345920B3304200B27040 /* AppDelegate.swift in Sources */ = {isa = PBXBuildFile; fileRef = F3C2345820B3304200B27040 /* AppDelegate.swift */; };
		F3C2345B20B3304200B27040 /* ViewController.swift in Sources */ = {isa = PBXBuildFile; fileRef = F3C2345A20B3304200B27040 /* ViewController.swift */; };
		F3C2345E20B3304200B27040 /* Main.storyboard in Resources */ = {isa = PBXBuildFile; fileRef = F3C2345C20B3304200B27040 /* Main.storyboard */; };
		F3C2346020B3304200B27040 /* Assets.xcassets in Resources */ = {isa = PBXBuildFile; fileRef = F3C2345F20B3304200B27040 /* Assets.xcassets */; };
		F3C2346320B3304200B27040 /* LaunchScreen.storyboard in Resources */ = {isa = PBXBuildFile; fileRef = F3C2346120B3304200B27040 /* LaunchScreen.storyboard */; };
		F3C2346B20B354E300B27040 /* TaskTableViewCell.swift in Sources */ = {isa = PBXBuildFile; fileRef = F3C2346A20B354E300B27040 /* TaskTableViewCell.swift */; };
		F3C2348820B3693000B27040 /* TaskTableViewController.swift in Sources */ = {isa = PBXBuildFile; fileRef = F3C2348720B3693000B27040 /* TaskTableViewController.swift */; };
		F3C2348A20B3819800B27040 /* Task.swift in Sources */ = {isa = PBXBuildFile; fileRef = F3C2348920B3819800B27040 /* Task.swift */; };
/* End PBXBuildFile section */

/* Begin PBXFileReference section */
		F3C2345520B3304200B27040 /* DairyRoutine.app */ = {isa = PBXFileReference; explicitFileType = wrapper.application; includeInIndex = 0; path = DairyRoutine.app; sourceTree = BUILT_PRODUCTS_DIR; };
		F3C2345820B3304200B27040 /* AppDelegate.swift */ = {isa = PBXFileReference; lastKnownFileType = sourcecode.swift; path = AppDelegate.swift; sourceTree = "<group>"; };
		F3C2345A20B3304200B27040 /* ViewController.swift */ = {isa = PBXFileReference; lastKnownFileType = sourcecode.swift; path = ViewController.swift; sourceTree = "<group>"; };
		F3C2345D20B3304200B27040 /* Base */ = {isa = PBXFileReference; lastKnownFileType = file.storyboard; name = Base; path = Base.lproj/Main.storyboard; sourceTree = "<group>"; };
		F3C2345F20B3304200B27040 /* Assets.xcassets */ = {isa = PBXFileReference; lastKnownFileType = folder.assetcatalog; path = Assets.xcassets; sourceTree = "<group>"; };
		F3C2346220B3304200B27040 /* Base */ = {isa = PBXFileReference; lastKnownFileType = file.storyboard; name = Base; path = Base.lproj/LaunchScreen.storyboard; sourceTree = "<group>"; };
		F3C2346420B3304200B27040 /* Info.plist */ = {isa = PBXFileReference; lastKnownFileType = text.plist.xml; path = Info.plist; sourceTree = "<group>"; };
		F3C2346A20B354E300B27040 /* TaskTableViewCell.swift */ = {isa = PBXFileReference; fileEncoding = 4; lastKnownFileType = sourcecode.swift; path = TaskTableViewCell.swift; sourceTree = "<group>"; };
		F3C2348720B3693000B27040 /* TaskTableViewController.swift */ = {isa = PBXFileReference; fileEncoding = 4; lastKnownFileType = sourcecode.swift; path = TaskTableViewController.swift; sourceTree = "<group>"; };
		F3C2348920B3819800B27040 /* Task.swift */ = {isa = PBXFileReference; fileEncoding = 4; lastKnownFileType = sourcecode.swift; path = Task.swift; sourceTree = "<group>"; };
/* End PBXFileReference section */

/* Begin PBXFrameworksBuildPhase section */
		F3C2345220B3304100B27040 /* Frameworks */ = {
			isa = PBXFrameworksBuildPhase;
			buildActionMask = 2147483647;
			files = (
			);
			runOnlyForDeploymentPostprocessing = 0;
		};
/* End PBXFrameworksBuildPhase section */

/* Begin PBXGroup section */
		F3C2344C20B3304100B27040 = {
			isa = PBXGroup;
			children = (
				F3C2345720B3304200B27040 /* DairyRoutine */,
				F3C2345620B3304200B27040 /* Products */,
			);
			sourceTree = "<group>";
		};
		F3C2345620B3304200B27040 /* Products */ = {
			isa = PBXGroup;
			children = (
				F3C2345520B3304200B27040 /* DairyRoutine.app */,
			);
			name = Products;
			sourceTree = "<group>";
		};
		F3C2345720B3304200B27040 /* DairyRoutine */ = {
			isa = PBXGroup;
			children = (
				F3C2345820B3304200B27040 /* AppDelegate.swift */,
				F3C2345A20B3304200B27040 /* ViewController.swift */,
				F3C2345C20B3304200B27040 /* Main.storyboard */,
				F3C2348720B3693000B27040 /* TaskTableViewController.swift */,
				F3C2345F20B3304200B27040 /* Assets.xcassets */,
				F3C2346120B3304200B27040 /* LaunchScreen.storyboard */,
				F3C2346420B3304200B27040 /* Info.plist */,
				F3C2346A20B354E300B27040 /* TaskTableViewCell.swift */,
				F3C2348920B3819800B27040 /* Task.swift */,
			);
			path = DairyRoutine;
			sourceTree = "<group>";
		};
/* End PBXGroup section */

/* Begin PBXNativeTarget section */
		F3C2345420B3304100B27040 /* DairyRoutine */ = {
			isa = PBXNativeTarget;
			buildConfigurationList = F3C2346720B3304200B27040 /* Build configuration list for PBXNativeTarget "DairyRoutine" */;
			buildPhases = (
				F3C2345120B3304100B27040 /* Sources */,
				F3C2345220B3304100B27040 /* Frameworks */,
				F3C2345320B3304100B27040 /* Resources */,
			);
			buildRules = (
			);
			dependencies = (
			);
			name = DairyRoutine;
			productName = "Hello World";
			productReference = F3C2345520B3304200B27040 /* DairyRoutine.app */;
			productType = "com.apple.product-type.application";
		};
/* End PBXNativeTarget section */

/* Begin PBXProject section */
		F3C2344D20B3304100B27040 /* Project object */ = {
			isa = PBXProject;
			attributes = {
				LastSwiftUpdateCheck = 0820;
				LastUpgradeCheck = 0820;
				ORGANIZATIONNAME = "Qing Zhang";
				TargetAttributes = {
					F3C2345420B3304100B27040 = {
						CreatedOnToolsVersion = 8.2.1;
						ProvisioningStyle = Automatic;
					};
				};
			};
			buildConfigurationList = F3C2345020B3304100B27040 /* Build configuration list for PBXProject "DairyRoutine" */;
			compatibilityVersion = "Xcode 3.2";
			developmentRegion = English;
			hasScannedForEncodings = 0;
			knownRegions = (
				en,
				Base,
			);
			mainGroup = F3C2344C20B3304100B27040;
			productRefGroup = F3C2345620B3304200B27040 /* Products */;
			projectDirPath = "";
			projectRoot = "";
			targets = (
				F3C2345420B3304100B27040 /* DairyRoutine */,
			);
		};
/* End PBXProject section */

/* Begin PBXResourcesBuildPhase section */
		F3C2345320B3304100B27040 /* Resources */ = {
			isa = PBXResourcesBuildPhase;
			buildActionMask = 2147483647;
			files = (
				F3C2346320B3304200B27040 /* LaunchScreen.storyboard in Resources */,
				F3C2346020B3304200B27040 /* Assets.xcassets in Resources */,
				F3C2345E20B3304200B27040 /* Main.storyboard in Resources */,
			);
			runOnlyForDeploymentPostprocessing = 0;
		};
/* End PBXResourcesBuildPhase section */

/* Begin PBXSourcesBuildPhase section */
		F3C2345120B3304100B27040 /* Sources */ = {
			isa = PBXSourcesBuildPhase;
			buildActionMask = 2147483647;
			files = (
				F3C2345B20B3304200B27040 /* ViewController.swift in Sources */,
				F3C2345920B3304200B27040 /* AppDelegate.swift in Sources */,
				F3C2348A20B3819800B27040 /* Task.swift in Sources */,
				F3C2348820B3693000B27040 /* TaskTableViewController.swift in Sources */,
				F3C2346B20B354E300B27040 /* TaskTableViewCell.swift in Sources */,
			);
			runOnlyForDeploymentPostprocessing = 0;
		};
/* End PBXSourcesBuildPhase section */

/* Begin PBXVariantGroup section */
		F3C2345C20B3304200B27040 /* Main.storyboard */ = {
			isa = PBXVariantGroup;
			children = (
				F3C2345D20B3304200B27040 /* Base */,
			);
			name = Main.storyboard;
			sourceTree = "<group>";
		};
		F3C2346120B3304200B27040 /* LaunchScreen.storyboard */ = {
			isa = PBXVariantGroup;
			children = (
				F3C2346220B3304200B27040 /* Base */,
			);
			name = LaunchScreen.storyboard;
			sourceTree = "<group>";
		};
/* End PBXVariantGroup section */

/* Begin XCBuildConfiguration section */
		F3C2346520B3304200B27040 /* Debug */ = {
			isa = XCBuildConfiguration;
			buildSettings = {
				ALWAYS_SEARCH_USER_PATHS = NO;
				CLANG_ANALYZER_NONNULL = YES;
				CLANG_CXX_LANGUAGE_STANDARD = "gnu++0x";
				CLANG_CXX_LIBRARY = "libc++";
				CLANG_ENABLE_MODULES = YES;
				CLANG_ENABLE_OBJC_ARC = YES;
				CLANG_WARN_BOOL_CONVERSION = YES;
				CLANG_WARN_CONSTANT_CONVERSION = YES;
				CLANG_WARN_DIRECT_OBJC_ISA_USAGE = YES_ERROR;
				CLANG_WARN_DOCUMENTATION_COMMENTS = YES;
				CLANG_WARN_EMPTY_BODY = YES;
				CLANG_WARN_ENUM_CONVERSION = YES;
				CLANG_WARN_INFINITE_RECURSION = YES;
				CLANG_WARN_INT_CONVERSION = YES;
				CLANG_WARN_OBJC_ROOT_CLASS = YES_ERROR;
				CLANG_WARN_SUSPICIOUS_MOVE = YES;
				CLANG_WARN_UNREACHABLE_CODE = YES;
				CLANG_WARN__DUPLICATE_METHOD_MATCH = YES;
				"CODE_SIGN_IDENTITY[sdk=iphoneos*]" = "iPhone Developer";
				COPY_PHASE_STRIP = NO;
				DEBUG_INFORMATION_FORMAT = dwarf;
				ENABLE_STRICT_OBJC_MSGSEND = YES;
				ENABLE_TESTABILITY = YES;
				GCC_C_LANGUAGE_STANDARD = gnu99;
				GCC_DYNAMIC_NO_PIC = NO;
				GCC_NO_COMMON_BLOCKS = YES;
				GCC_OPTIMIZATION_LEVEL = 0;
				GCC_PREPROCESSOR_DEFINITIONS = (
					"DEBUG=1",
					"$(inherited)",
				);
				GCC_WARN_64_TO_32_BIT_CONVERSION = YES;
				GCC_WARN_ABOUT_RETURN_TYPE = YES_ERROR;
				GCC_WARN_UNDECLARED_SELECTOR = YES;
				GCC_WARN_UNINITIALIZED_AUTOS = YES_AGGRESSIVE;
				GCC_WARN_UNUSED_FUNCTION = YES;
				GCC_WARN_UNUSED_VARIABLE = YES;
				IPHONEOS_DEPLOYMENT_TARGET = 10.2;
				MTL_ENABLE_DEBUG_INFO = YES;
				ONLY_ACTIVE_ARCH = YES;
				SDKROOT = iphoneos;
				SWIFT_ACTIVE_COMPILATION_CONDITIONS = DEBUG;
				SWIFT_OPTIMIZATION_LEVEL = "-Onone";
			};
			name = Debug;
		};
		F3C2346620B3304200B27040 /* Release */ = {
			isa = XCBuildConfiguration;
			buildSettings = {
				ALWAYS_SEARCH_USER_PATHS = NO;
				CLANG_ANALYZER_NONNULL = YES;
				CLANG_CXX_LANGUAGE_STANDARD = "gnu++0x";
				CLANG_CXX_LIBRARY = "libc++";
				CLANG_ENABLE_MODULES = YES;
				CLANG_ENABLE_OBJC_ARC = YES;
				CLANG_WARN_BOOL_CONVERSION = YES;
				CLANG_WARN_CONSTANT_CONVERSION = YES;
				CLANG_WARN_DIRECT_OBJC_ISA_USAGE = YES_ERROR;
				CLANG_WARN_DOCUMENTATION_COMMENTS = YES;
				CLANG_WARN_EMPTY_BODY = YES;
				CLANG_WARN_ENUM_CONVERSION = YES;
				CLANG_WARN_INFINITE_RECURSION = YES;
				CLANG_WARN_INT_CONVERSION = YES;
				CLANG_WARN_OBJC_ROOT_CLASS = YES_ERROR;
				CLANG_WARN_SUSPICIOUS_MOVE = YES;
				CLANG_WARN_UNREACHABLE_CODE = YES;
				CLANG_WARN__DUPLICATE_METHOD_MATCH = YES;
				"CODE_SIGN_IDENTITY[sdk=iphoneos*]" = "iPhone Developer";
				COPY_PHASE_STRIP = NO;
				DEBUG_INFORMATION_FORMAT = "dwarf-with-dsym";
				ENABLE_NS_ASSERTIONS = NO;
				ENABLE_STRICT_OBJC_MSGSEND = YES;
				GCC_C_LANGUAGE_STANDARD = gnu99;
				GCC_NO_COMMON_BLOCKS = YES;
				GCC_WARN_64_TO_32_BIT_CONVERSION = YES;
				GCC_WARN_ABOUT_RETURN_TYPE = YES_ERROR;
				GCC_WARN_UNDECLARED_SELECTOR = YES;
				GCC_WARN_UNINITIALIZED_AUTOS = YES_AGGRESSIVE;
				GCC_WARN_UNUSED_FUNCTION = YES;
				GCC_WARN_UNUSED_VARIABLE = YES;
				IPHONEOS_DEPLOYMENT_TARGET = 10.2;
				MTL_ENABLE_DEBUG_INFO = NO;
				SDKROOT = iphoneos;
				SWIFT_OPTIMIZATION_LEVEL = "-Owholemodule";
				VALIDATE_PRODUCT = YES;
			};
			name = Release;
		};
		F3C2346820B3304200B27040 /* Debug */ = {
			isa = XCBuildConfiguration;
			buildSettings = {
				ASSETCATALOG_COMPILER_APPICON_NAME = AppIcon;
				INFOPLIST_FILE = "$(SRCROOT)/DairyRoutine/Info.plist";
				LD_RUNPATH_SEARCH_PATHS = "$(inherited) @executable_path/Frameworks";
				PRODUCT_BUNDLE_IDENTIFIER = "com.qing.Diary-Routine";
				PRODUCT_NAME = "$(TARGET_NAME)";
				SWIFT_VERSION = 3.0;
			};
			name = Debug;
		};
		F3C2346920B3304200B27040 /* Release */ = {
			isa = XCBuildConfiguration;
			buildSettings = {
				ASSETCATALOG_COMPILER_APPICON_NAME = AppIcon;
				INFOPLIST_FILE = "$(SRCROOT)/DairyRoutine/Info.plist";
				LD_RUNPATH_SEARCH_PATHS = "$(inherited) @executable_path/Frameworks";
				PRODUCT_BUNDLE_IDENTIFIER = "com.qing.Diary-Routine";
				PRODUCT_NAME = "$(TARGET_NAME)";
				SWIFT_VERSION = 3.0;
			};
			name = Release;
		};
/* End XCBuildConfiguration section */

/* Begin XCConfigurationList section */
		F3C2345020B3304100B27040 /* Build configuration list for PBXProject "DairyRoutine" */ = {
			isa = XCConfigurationList;
			buildConfigurations = (
				F3C2346520B3304200B27040 /* Debug */,
				F3C2346620B3304200B27040 /* Release */,
			);
			defaultConfigurationIsVisible = 0;
			defaultConfigurationName = Release;
		};
		F3C2346720B3304200B27040 /* Build configuration list for PBXNativeTarget "DairyRoutine" */ = {
			isa = XCConfigurationList;
			buildConfigurations = (
				F3C2346820B3304200B27040 /* Debug */,
				F3C2346920B3304200B27040 /* Release */,
			);
			defaultConfigurationIsVisible = 0;
			defaultConfigurationName = Release;
		};
/* End XCConfigurationList section */
	};
	rootObject = F3C2344D20B3304100B27040 /* Project object */;
}
